
Microsoft Visual Studio Solution File, Format Version 12.00
# Visual Studio 15
VisualStudioVersion = 15.0.26403.7
MinimumVisualStudioVersion = 10.0.40219.1
Project("{F184B08F-C81C-45F6-A57F-5ABD9991F28F}") = "Lab05-LargerSmallerJSass", "Lab05-LargerSmallerJSass\Lab05-LargerSmallerJSass.vbproj", "{CEEAFECC-343E-4A3C-A457-3EF738C7CBAD}"
EndProject
Global
	GlobalSection(SolutionConfigurationPlatforms) = preSolution
		Debug|Any CPU = Debug|Any CPU
		Release|Any CPU = Release|Any CPU
	EndGlobalSection
	GlobalSection(ProjectConfigurationPlatforms) = postSolution
		{CEEAFECC-343E-4A3C-A457-3EF738C7CBAD}.Debug|Any CPU.ActiveCfg = Debug|Any CPU
		{CEEAFECC-343E-4A3C-A457-3EF738C7CBAD}.Debug|Any CPU.Build.0 = Debug|Any CPU
		{CEEAFECC-343E-4A3C-A457-3EF738C7CBAD}.Release|Any CPU.ActiveCfg = Release|Any CPU
		{CEEAFECC-343E-4A3C-A457-3EF738C7CBAD}.Release|Any CPU.Build.0 = Release|Any CPU
	EndGlobalSection
	GlobalSection(SolutionProperties) = preSolution
		HideSolutionNode = FALSE
	EndGlobalSection
EndGlobal
