
Microsoft Visual Studio Solution File, Format Version 12.00
# Visual Studio 15
VisualStudioVersion = 15.0.26403.7
MinimumVisualStudioVersion = 10.0.40219.1
Project("{F184B08F-C81C-45F6-A57F-5ABD9991F28F}") = "Loan Calculator", "Loan Calculator\Loan Calculator.vbproj", "{811062B9-B881-42E6-9F4F-CE0BB86E31DD}"
EndProject
Global
	GlobalSection(SolutionConfigurationPlatforms) = preSolution
		Debug|Any CPU = Debug|Any CPU
		Release|Any CPU = Release|Any CPU
	EndGlobalSection
	GlobalSection(ProjectConfigurationPlatforms) = postSolution
		{811062B9-B881-42E6-9F4F-CE0BB86E31DD}.Debug|Any CPU.ActiveCfg = Debug|Any CPU
		{811062B9-B881-42E6-9F4F-CE0BB86E31DD}.Debug|Any CPU.Build.0 = Debug|Any CPU
		{811062B9-B881-42E6-9F4F-CE0BB86E31DD}.Release|Any CPU.ActiveCfg = Release|Any CPU
		{811062B9-B881-42E6-9F4F-CE0BB86E31DD}.Release|Any CPU.Build.0 = Release|Any CPU
	EndGlobalSection
	GlobalSection(SolutionProperties) = preSolution
		HideSolutionNode = FALSE
	EndGlobalSection
EndGlobal
